github.com/ugorji/go v1.2.6 h1:tGiWC9HENWE2tqYycIqFTNorMmFRVhNwCpDOpWqnk8E=
github.com/ugorji/go v1.2.6/go.mod h1:anCg0y61KIhDlPZmnH+so+RQbysYVyDko0IMgJv0Nn0=
github.com/ugorji/go/codec v1.2.6 h1:7kbGefxLoDBuYXOms4yD7223OpNMMPNPZxXk5TvFcyQ=
github.com/ugorji/go/codec v1.2.6/go.mod h1:V6TCNZ4PHqoHGFZuSG1W8nrCzzdgA2DozYxWFFpvxTw=
